
Microsoft Visual Studio Solution File, Format Version 12.00
# Visual Studio 14
VisualStudioVersion = 14.0.25420.1
MinimumVisualStudioVersion = 10.0.40219.1
Project("{FAE04EC0-301F-11D3-BF4B-00C04F79EFBC}") = "ConsoleApplication2", "ConsoleApplication2\ConsoleApplication2.csproj", "{64B6EDFA-20BE-497B-881A-014B8DFB95D8}"
EndProject
Project("{FAE04EC0-301F-11D3-BF4B-00C04F79EFBC}") = "ClassLibrary1", "ClassLibrary1\ClassLibrary1.csproj", "{BA598EDF-372F-47AC-9CD3-C395759CABA3}"
EndProject
Project("{FAE04EC0-301F-11D3-BF4B-00C04F79EFBC}") = "ClassLibrary1.test", "ClassLibrary1.test\ClassLibrary1.test.csproj", "{44A3D40D-689B-4EBA-8F76-FC5CD3A1B186}"
EndProject
Project("{2150E333-8FDC-42A3-9474-1A3956D46DE8}") = "Solution Items", "Solution Items", "{1918524D-C509-4A1A-97DC-28B7BD576E14}"
	ProjectSection(SolutionItems) = preProject
		build\build.proj = build\build.proj
	EndProjectSection
EndProject
Global
	GlobalSection(SolutionConfigurationPlatforms) = preSolution
		Debug|Any CPU = Debug|Any CPU
		Release|Any CPU = Release|Any CPU
	EndGlobalSection
	GlobalSection(ProjectConfigurationPlatforms) = postSolution
		{64B6EDFA-20BE-497B-881A-014B8DFB95D8}.Debug|Any CPU.ActiveCfg = Debug|Any CPU
		{64B6EDFA-20BE-497B-881A-014B8DFB95D8}.Debug|Any CPU.Build.0 = Debug|Any CPU
		{64B6EDFA-20BE-497B-881A-014B8DFB95D8}.Release|Any CPU.ActiveCfg = Release|Any CPU
		{64B6EDFA-20BE-497B-881A-014B8DFB95D8}.Release|Any CPU.Build.0 = Release|Any CPU
		{BA598EDF-372F-47AC-9CD3-C395759CABA3}.Debug|Any CPU.ActiveCfg = Debug|Any CPU
		{BA598EDF-372F-47AC-9CD3-C395759CABA3}.Debug|Any CPU.Build.0 = Debug|Any CPU
		{BA598EDF-372F-47AC-9CD3-C395759CABA3}.Release|Any CPU.ActiveCfg = Release|Any CPU
		{BA598EDF-372F-47AC-9CD3-C395759CABA3}.Release|Any CPU.Build.0 = Release|Any CPU
		{44A3D40D-689B-4EBA-8F76-FC5CD3A1B186}.Debug|Any CPU.ActiveCfg = Debug|Any CPU
		{44A3D40D-689B-4EBA-8F76-FC5CD3A1B186}.Debug|Any CPU.Build.0 = Debug|Any CPU
		{44A3D40D-689B-4EBA-8F76-FC5CD3A1B186}.Release|Any CPU.ActiveCfg = Release|Any CPU
		{44A3D40D-689B-4EBA-8F76-FC5CD3A1B186}.Release|Any CPU.Build.0 = Release|Any CPU
	EndGlobalSection
	GlobalSection(SolutionProperties) = preSolution
		HideSolutionNode = FALSE
	EndGlobalSection
EndGlobal
